// !$*UTF8*$!
{
	archiveVersion = 1;
	classes = {
	};
	objectVersion = 56;
	objects = {

/* Begin PBXBuildFile section */
		3277CFD5291E7BC400AFE92A /* PariahMediaApp.swift in Sources */ = {isa = PBXBuildFile; fileRef = 3277CFD4291E7BC400AFE92A /* PariahMediaApp.swift */; };
		3277CFD7291E7BC400AFE92A /* ContentView.swift in Sources */ = {isa = PBXBuildFile; fileRef = 3277CFD6291E7BC400AFE92A /* ContentView.swift */; };
		3277CFD9291E7BC600AFE92A /* Assets.xcassets in Resources */ = {isa = PBXBuildFile; fileRef = 3277CFD8291E7BC600AFE92A /* Assets.xcassets */; };
		3277CFDC291E7BC600AFE92A /* Preview Assets.xcassets in Resources */ = {isa = PBXBuildFile; fileRef = 3277CFDB291E7BC600AFE92A /* Preview Assets.xcassets */; };
		32F117152920D99400F61928 /* AuthService.swift in Sources */ = {isa = PBXBuildFile; fileRef = 32F117142920D99400F61928 /* AuthService.swift */; };
		32F117172920D9D200F61928 /* keys.swift in Sources */ = {isa = PBXBuildFile; fileRef = 32F117162920D9D200F61928 /* keys.swift */; };
		32F117192920DD3700F61928 /* AuthViewModel.swift in Sources */ = {isa = PBXBuildFile; fileRef = 32F117182920DD3700F61928 /* AuthViewModel.swift */; };
/* End PBXBuildFile section */

/* Begin PBXFileReference section */
		3277CFD1291E7BC400AFE92A /* PariahMedia.app */ = {isa = PBXFileReference; explicitFileType = wrapper.application; includeInIndex = 0; path = PariahMedia.app; sourceTree = BUILT_PRODUCTS_DIR; };
		3277CFD4291E7BC400AFE92A /* PariahMediaApp.swift */ = {isa = PBXFileReference; lastKnownFileType = sourcecode.swift; path = PariahMediaApp.swift; sourceTree = "<group>"; };
		3277CFD6291E7BC400AFE92A /* ContentView.swift */ = {isa = PBXFileReference; lastKnownFileType = sourcecode.swift; path = ContentView.swift; sourceTree = "<group>"; };
		3277CFD8291E7BC600AFE92A /* Assets.xcassets */ = {isa = PBXFileReference; lastKnownFileType = folder.assetcatalog; path = Assets.xcassets; sourceTree = "<group>"; };
		3277CFDB291E7BC600AFE92A /* Preview Assets.xcassets */ = {isa = PBXFileReference; lastKnownFileType = folder.assetcatalog; path = "Preview Assets.xcassets"; sourceTree = "<group>"; };
		32F117142920D99400F61928 /* AuthService.swift */ = {isa = PBXFileReference; lastKnownFileType = sourcecode.swift; path = AuthService.swift; sourceTree = "<group>"; };
		32F117162920D9D200F61928 /* keys.swift */ = {isa = PBXFileReference; lastKnownFileType = sourcecode.swift; path = keys.swift; sourceTree = "<group>"; };
		32F117182920DD3700F61928 /* AuthViewModel.swift */ = {isa = PBXFileReference; lastKnownFileType = sourcecode.swift; path = AuthViewModel.swift; sourceTree = "<group>"; };
/* End PBXFileReference section */

/* Begin PBXFrameworksBuildPhase section */
		3277CFCE291E7BC400AFE92A /* Frameworks */ = {
			isa = PBXFrameworksBuildPhase;
			buildActionMask = 2147483647;
			files = (
			);
			runOnlyForDeploymentPostprocessing = 0;
		};
/* End PBXFrameworksBuildPhase section */

/* Begin PBXGroup section */
		3277CFC8291E7BC400AFE92A = {
			isa = PBXGroup;
			children = (
				3277CFD3291E7BC400AFE92A /* PariahMedia */,
				3277CFD2291E7BC400AFE92A /* Products */,
			);
			sourceTree = "<group>";
		};
		3277CFD2291E7BC400AFE92A /* Products */ = {
			isa = PBXGroup;
			children = (
				3277CFD1291E7BC400AFE92A /* PariahMedia.app */,
			);
			name = Products;
			sourceTree = "<group>";
		};
		3277CFD3291E7BC400AFE92A /* PariahMedia */ = {
			isa = PBXGroup;
			children = (
				32F117132920D98100F61928 /* networking */,
				32F117122920D97500F61928 /*  models */,
				32F117112920D96200F61928 /* viewmodels */,
				32F117102920D95A00F61928 /* views */,
				3277CFD4291E7BC400AFE92A /* PariahMediaApp.swift */,
				3277CFD6291E7BC400AFE92A /* ContentView.swift */,
				3277CFD8291E7BC600AFE92A /* Assets.xcassets */,
				3277CFDA291E7BC600AFE92A /* Preview Content */,
				32F117162920D9D200F61928 /* keys.swift */,
			);
			path = PariahMedia;
			sourceTree = "<group>";
		};
		3277CFDA291E7BC600AFE92A /* Preview Content */ = {
			isa = PBXGroup;
			children = (
				3277CFDB291E7BC600AFE92A /* Preview Assets.xcassets */,
			);
			path = "Preview Content";
			sourceTree = "<group>";
		};
		32F117102920D95A00F61928 /* views */ = {
			isa = PBXGroup;
			children = (
			);
			path = views;
			sourceTree = "<group>";
		};
		32F117112920D96200F61928 /* viewmodels */ = {
			isa = PBXGroup;
			children = (
				32F117182920DD3700F61928 /* AuthViewModel.swift */,
			);
			path = viewmodels;
			sourceTree = "<group>";
		};
		32F117122920D97500F61928 /*  models */ = {
			isa = PBXGroup;
			children = (
			);
			path = " models";
			sourceTree = "<group>";
		};
		32F117132920D98100F61928 /* networking */ = {
			isa = PBXGroup;
			children = (
				32F117142920D99400F61928 /* AuthService.swift */,
			);
			path = networking;
			sourceTree = "<group>";
		};
/* End PBXGroup section */

/* Begin PBXNativeTarget section */
		3277CFD0291E7BC400AFE92A /* PariahMedia */ = {
			isa = PBXNativeTarget;
			buildConfigurationList = 3277CFDF291E7BC600AFE92A /* Build configuration list for PBXNativeTarget "PariahMedia" */;
			buildPhases = (
				3277CFCD291E7BC400AFE92A /* Sources */,
				3277CFCE291E7BC400AFE92A /* Frameworks */,
				3277CFCF291E7BC400AFE92A /* Resources */,
			);
			buildRules = (
			);
			dependencies = (
			);
			name = PariahMedia;
			productName = PariahMedia;
			productReference = 3277CFD1291E7BC400AFE92A /* PariahMedia.app */;
			productType = "com.apple.product-type.application";
		};
/* End PBXNativeTarget section */

/* Begin PBXProject section */
		3277CFC9291E7BC400AFE92A /* Project object */ = {
			isa = PBXProject;
			attributes = {
				BuildIndependentTargetsInParallel = 1;
				LastSwiftUpdateCheck = 1410;
				LastUpgradeCheck = 1410;
				TargetAttributes = {
					3277CFD0291E7BC400AFE92A = {
						CreatedOnToolsVersion = 14.1;
					};
				};
			};
			buildConfigurationList = 3277CFCC291E7BC400AFE92A /* Build configuration list for PBXProject "PariahMedia" */;
			compatibilityVersion = "Xcode 14.0";
			developmentRegion = en;
			hasScannedForEncodings = 0;
			knownRegions = (
				en,
				Base,
			);
			mainGroup = 3277CFC8291E7BC400AFE92A;
			productRefGroup = 3277CFD2291E7BC400AFE92A /* Products */;
			projectDirPath = "";
			projectRoot = "";
			targets = (
				3277CFD0291E7BC400AFE92A /* PariahMedia */,
			);
		};
/* End PBXProject section */

/* Begin PBXResourcesBuildPhase section */
		3277CFCF291E7BC400AFE92A /* Resources */ = {
			isa = PBXResourcesBuildPhase;
			buildActionMask = 2147483647;
			files = (
				3277CFDC291E7BC600AFE92A /* Preview Assets.xcassets in Resources */,
				3277CFD9291E7BC600AFE92A /* Assets.xcassets in Resources */,
			);
			runOnlyForDeploymentPostprocessing = 0;
		};
/* End PBXResourcesBuildPhase section */

/* Begin PBXSourcesBuildPhase section */
		3277CFCD291E7BC400AFE92A /* Sources */ = {
			isa = PBXSourcesBuildPhase;
			buildActionMask = 2147483647;
			files = (
				32F117192920DD3700F61928 /* AuthViewModel.swift in Sources */,
				32F117152920D99400F61928 /* AuthService.swift in Sources */,
				32F117172920D9D200F61928 /* keys.swift in Sources */,
				3277CFD7291E7BC400AFE92A /* ContentView.swift in Sources */,
				3277CFD5291E7BC400AFE92A /* PariahMediaApp.swift in Sources */,
			);
			runOnlyForDeploymentPostprocessing = 0;
		};
/* End PBXSourcesBuildPhase section */

/* Begin XCBuildConfiguration section */
		3277CFDD291E7BC600AFE92A /* Debug */ = {
			isa = XCBuildConfiguration;
			buildSettings = {
				ALWAYS_SEARCH_USER_PATHS = NO;
				CLANG_ANALYZER_NONNULL = YES;
				CLANG_ANALYZER_NUMBER_OBJECT_CONVERSION = YES_AGGRESSIVE;
				CLANG_CXX_LANGUAGE_STANDARD = "gnu++20";
				CLANG_ENABLE_MODULES = YES;
				CLANG_ENABLE_OBJC_ARC = YES;
				CLANG_ENABLE_OBJC_WEAK = YES;
				CLANG_WARN_BLOCK_CAPTURE_AUTORELEASING = YES;
				CLANG_WARN_BOOL_CONVERSION = YES;
				CLANG_WARN_COMMA = YES;
				CLANG_WARN_CONSTANT_CONVERSION = YES;
				CLANG_WARN_DEPRECATED_OBJC_IMPLEMENTATIONS = YES;
				CLANG_WARN_DIRECT_OBJC_ISA_USAGE = YES_ERROR;
				CLANG_WARN_DOCUMENTATION_COMMENTS = YES;
				CLANG_WARN_EMPTY_BODY = YES;
				CLANG_WARN_ENUM_CONVERSION = YES;
				CLANG_WARN_INFINITE_RECURSION = YES;
				CLANG_WARN_INT_CONVERSION = YES;
				CLANG_WARN_NON_LITERAL_NULL_CONVERSION = YES;
				CLANG_WARN_OBJC_IMPLICIT_RETAIN_SELF = YES;
				CLANG_WARN_OBJC_LITERAL_CONVERSION = YES;
				CLANG_WARN_OBJC_ROOT_CLASS = YES_ERROR;
				CLANG_WARN_QUOTED_INCLUDE_IN_FRAMEWORK_HEADER = YES;
				CLANG_WARN_RANGE_LOOP_ANALYSIS = YES;
				CLANG_WARN_STRICT_PROTOTYPES = YES;
				CLANG_WARN_SUSPICIOUS_MOVE = YES;
				CLANG_WARN_UNGUARDED_AVAILABILITY = YES_AGGRESSIVE;
				CLANG_WARN_UNREACHABLE_CODE = YES;
				CLANG_WARN__DUPLICATE_METHOD_MATCH = YES;
				COPY_PHASE_STRIP = NO;
				DEBUG_INFORMATION_FORMAT = dwarf;
				ENABLE_STRICT_OBJC_MSGSEND = YES;
				ENABLE_TESTABILITY = YES;
				GCC_C_LANGUAGE_STANDARD = gnu11;
				GCC_DYNAMIC_NO_PIC = NO;
				GCC_NO_COMMON_BLOCKS = YES;
				GCC_OPTIMIZATION_LEVEL = 0;
				GCC_PREPROCESSOR_DEFINITIONS = (
					"DEBUG=1",
					"$(inherited)",
				);
				GCC_WARN_64_TO_32_BIT_CONVERSION = YES;
				GCC_WARN_ABOUT_RETURN_TYPE = YES_ERROR;
				GCC_WARN_UNDECLARED_SELECTOR = YES;
				GCC_WARN_UNINITIALIZED_AUTOS = YES_AGGRESSIVE;
				GCC_WARN_UNUSED_FUNCTION = YES;
				GCC_WARN_UNUSED_VARIABLE = YES;
				IPHONEOS_DEPLOYMENT_TARGET = 16.1;
				MTL_ENABLE_DEBUG_INFO = INCLUDE_SOURCE;
				MTL_FAST_MATH = YES;
				ONLY_ACTIVE_ARCH = YES;
				SDKROOT = iphoneos;
				SWIFT_ACTIVE_COMPILATION_CONDITIONS = DEBUG;
				SWIFT_OPTIMIZATION_LEVEL = "-Onone";
			};
			name = Debug;
		};
		3277CFDE291E7BC600AFE92A /* Release */ = {
			isa = XCBuildConfiguration;
			buildSettings = {
				ALWAYS_SEARCH_USER_PATHS = NO;
				CLANG_ANALYZER_NONNULL = YES;
				CLANG_ANALYZER_NUMBER_OBJECT_CONVERSION = YES_AGGRESSIVE;
				CLANG_CXX_LANGUAGE_STANDARD = "gnu++20";
				CLANG_ENABLE_MODULES = YES;
				CLANG_ENABLE_OBJC_ARC = YES;
				CLANG_ENABLE_OBJC_WEAK = YES;
				CLANG_WARN_BLOCK_CAPTURE_AUTORELEASING = YES;
				CLANG_WARN_BOOL_CONVERSION = YES;
				CLANG_WARN_COMMA = YES;
				CLANG_WARN_CONSTANT_CONVERSION = YES;
				CLANG_WARN_DEPRECATED_OBJC_IMPLEMENTATIONS = YES;
				CLANG_WARN_DIRECT_OBJC_ISA_USAGE = YES_ERROR;
				CLANG_WARN_DOCUMENTATION_COMMENTS = YES;
				CLANG_WARN_EMPTY_BODY = YES;
				CLANG_WARN_ENUM_CONVERSION = YES;
				CLANG_WARN_INFINITE_RECURSION = YES;
				CLANG_WARN_INT_CONVERSION = YES;
				CLANG_WARN_NON_LITERAL_NULL_CONVERSION = YES;
				CLANG_WARN_OBJC_IMPLICIT_RETAIN_SELF = YES;
				CLANG_WARN_OBJC_LITERAL_CONVERSION = YES;
				CLANG_WARN_OBJC_ROOT_CLASS = YES_ERROR;
				CLANG_WARN_QUOTED_INCLUDE_IN_FRAMEWORK_HEADER = YES;
				CLANG_WARN_RANGE_LOOP_ANALYSIS = YES;
				CLANG_WARN_STRICT_PROTOTYPES = YES;
				CLANG_WARN_SUSPICIOUS_MOVE = YES;
				CLANG_WARN_UNGUARDED_AVAILABILITY = YES_AGGRESSIVE;
				CLANG_WARN_UNREACHABLE_CODE = YES;
				CLANG_WARN__DUPLICATE_METHOD_MATCH = YES;
				COPY_PHASE_STRIP = NO;
				DEBUG_INFORMATION_FORMAT = "dwarf-with-dsym";
				ENABLE_NS_ASSERTIONS = NO;
				ENABLE_STRICT_OBJC_MSGSEND = YES;
				GCC_C_LANGUAGE_STANDARD = gnu11;
				GCC_NO_COMMON_BLOCKS = YES;
				GCC_WARN_64_TO_32_BIT_CONVERSION = YES;
				GCC_WARN_ABOUT_RETURN_TYPE = YES_ERROR;
				GCC_WARN_UNDECLARED_SELECTOR = YES;
				GCC_WARN_UNINITIALIZED_AUTOS = YES_AGGRESSIVE;
				GCC_WARN_UNUSED_FUNCTION = YES;
				GCC_WARN_UNUSED_VARIABLE = YES;
				IPHONEOS_DEPLOYMENT_TARGET = 16.1;
				MTL_ENABLE_DEBUG_INFO = NO;
				MTL_FAST_MATH = YES;
				SDKROOT = iphoneos;
				SWIFT_COMPILATION_MODE = wholemodule;
				SWIFT_OPTIMIZATION_LEVEL = "-O";
				VALIDATE_PRODUCT = YES;
			};
			name = Release;
		};
		3277CFE0291E7BC600AFE92A /* Debug */ = {
			isa = XCBuildConfiguration;
			buildSettings = {
				ASSETCATALOG_COMPILER_APPICON_NAME = AppIcon;
				ASSETCATALOG_COMPILER_GLOBAL_ACCENT_COLOR_NAME = AccentColor;
				CODE_SIGN_STYLE = Automatic;
				CURRENT_PROJECT_VERSION = 1;
				DEVELOPMENT_ASSET_PATHS = "\"PariahMedia/Preview Content\"";
				DEVELOPMENT_TEAM = T6S3P6VTG3;
				ENABLE_PREVIEWS = YES;
				GENERATE_INFOPLIST_FILE = YES;
				INFOPLIST_KEY_UIApplicationSceneManifest_Generation = YES;
				INFOPLIST_KEY_UIApplicationSupportsIndirectInputEvents = YES;
				INFOPLIST_KEY_UILaunchScreen_Generation = YES;
				INFOPLIST_KEY_UISupportedInterfaceOrientations_iPad = "UIInterfaceOrientationPortrait UIInterfaceOrientationPortraitUpsideDown UIInterfaceOrientationLandscapeLeft UIInterfaceOrientationLandscapeRight";
				INFOPLIST_KEY_UISupportedInterfaceOrientations_iPhone = "UIInterfaceOrientationPortrait UIInterfaceOrientationLandscapeLeft UIInterfaceOrientationLandscapeRight";
				IPHONEOS_DEPLOYMENT_TARGET = 16.0;
				LD_RUNPATH_SEARCH_PATHS = (
					"$(inherited)",
					"@executable_path/Frameworks",
				);
				MARKETING_VERSION = 1.0;
				PRODUCT_BUNDLE_IDENTIFIER = com.app.PariahMedia;
				PRODUCT_NAME = "$(TARGET_NAME)";
				SWIFT_EMIT_LOC_STRINGS = YES;
				SWIFT_VERSION = 5.0;
				TARGETED_DEVICE_FAMILY = "1,2";
			};
			name = Debug;
		};
		3277CFE1291E7BC600AFE92A /* Release */ = {
			isa = XCBuildConfiguration;
			buildSettings = {
				ASSETCATALOG_COMPILER_APPICON_NAME = AppIcon;
				ASSETCATALOG_COMPILER_GLOBAL_ACCENT_COLOR_NAME = AccentColor;
				CODE_SIGN_STYLE = Automatic;
				CURRENT_PROJECT_VERSION = 1;
				DEVELOPMENT_ASSET_PATHS = "\"PariahMedia/Preview Content\"";
				DEVELOPMENT_TEAM = T6S3P6VTG3;
				ENABLE_PREVIEWS = YES;
				GENERATE_INFOPLIST_FILE = YES;
				INFOPLIST_KEY_UIApplicationSceneManifest_Generation = YES;
				INFOPLIST_KEY_UIApplicationSupportsIndirectInputEvents = YES;
				INFOPLIST_KEY_UILaunchScreen_Generation = YES;
				INFOPLIST_KEY_UISupportedInterfaceOrientations_iPad = "UIInterfaceOrientationPortrait UIInterfaceOrientationPortraitUpsideDown UIInterfaceOrientationLandscapeLeft UIInterfaceOrientationLandscapeRight";
				INFOPLIST_KEY_UISupportedInterfaceOrientations_iPhone = "UIInterfaceOrientationPortrait UIInterfaceOrientationLandscapeLeft UIInterfaceOrientationLandscapeRight";
				IPHONEOS_DEPLOYMENT_TARGET = 16.0;
				LD_RUNPATH_SEARCH_PATHS = (
					"$(inherited)",
					"@executable_path/Frameworks",
				);
				MARKETING_VERSION = 1.0;
				PRODUCT_BUNDLE_IDENTIFIER = com.app.PariahMedia;
				PRODUCT_NAME = "$(TARGET_NAME)";
				SWIFT_EMIT_LOC_STRINGS = YES;
				SWIFT_VERSION = 5.0;
				TARGETED_DEVICE_FAMILY = "1,2";
			};
			name = Release;
		};
/* End XCBuildConfiguration section */

/* Begin XCConfigurationList section */
		3277CFCC291E7BC400AFE92A /* Build configuration list for PBXProject "PariahMedia" */ = {
			isa = XCConfigurationList;
			buildConfigurations = (
				3277CFDD291E7BC600AFE92A /* Debug */,
				3277CFDE291E7BC600AFE92A /* Release */,
			);
			defaultConfigurationIsVisible = 0;
			defaultConfigurationName = Release;
		};
		3277CFDF291E7BC600AFE92A /* Build configuration list for PBXNativeTarget "PariahMedia" */ = {
			isa = XCConfigurationList;
			buildConfigurations = (
				3277CFE0291E7BC600AFE92A /* Debug */,
				3277CFE1291E7BC600AFE92A /* Release */,
			);
			defaultConfigurationIsVisible = 0;
			defaultConfigurationName = Release;
		};
/* End XCConfigurationList section */
	};
	rootObject = 3277CFC9291E7BC400AFE92A /* Project object */;
}
